
Microsoft Visual Studio Solution File, Format Version 12.00
# Visual Studio Version 17
VisualStudioVersion = 17.7.34221.43
MinimumVisualStudioVersion = 10.0.40219.1
Project("{FAE04EC0-301F-11D3-BF4B-00C04F79EFBC}") = "lab_", "lab_\lab_.csproj", "{A7B266B5-95E3-462A-909A-E153CFAE8A9F}"
EndProject
Project("{FAE04EC0-301F-11D3-BF4B-00C04F79EFBC}") = "TestProject1", "TestProject1\TestProject1.csproj", "{0BF2C798-0497-4C03-B457-A2A64E08D1DF}"
EndProject
Global
	GlobalSection(SolutionConfigurationPlatforms) = preSolution
		Debug|Any CPU = Debug|Any CPU
		Release|Any CPU = Release|Any CPU
	EndGlobalSection
	GlobalSection(ProjectConfigurationPlatforms) = postSolution
		{A7B266B5-95E3-462A-909A-E153CFAE8A9F}.Debug|Any CPU.ActiveCfg = Debug|Any CPU
		{A7B266B5-95E3-462A-909A-E153CFAE8A9F}.Debug|Any CPU.Build.0 = Debug|Any CPU
		{A7B266B5-95E3-462A-909A-E153CFAE8A9F}.Release|Any CPU.ActiveCfg = Release|Any CPU
		{A7B266B5-95E3-462A-909A-E153CFAE8A9F}.Release|Any CPU.Build.0 = Release|Any CPU
		{0BF2C798-0497-4C03-B457-A2A64E08D1DF}.Debug|Any CPU.ActiveCfg = Debug|Any CPU
		{0BF2C798-0497-4C03-B457-A2A64E08D1DF}.Debug|Any CPU.Build.0 = Debug|Any CPU
		{0BF2C798-0497-4C03-B457-A2A64E08D1DF}.Release|Any CPU.ActiveCfg = Release|Any CPU
		{0BF2C798-0497-4C03-B457-A2A64E08D1DF}.Release|Any CPU.Build.0 = Release|Any CPU
	EndGlobalSection
	GlobalSection(SolutionProperties) = preSolution
		HideSolutionNode = FALSE
	EndGlobalSection
	GlobalSection(ExtensibilityGlobals) = postSolution
		SolutionGuid = {9D5B07BC-B056-43D0-A61C-A279047CE86B}
	EndGlobalSection
EndGlobal
