
Microsoft Visual Studio Solution File, Format Version 12.00
# Visual Studio Version 17
VisualStudioVersion = 17.7.34221.43
MinimumVisualStudioVersion = 10.0.40219.1
Project("{FAE04EC0-301F-11D3-BF4B-00C04F79EFBC}") = "laba3", "laba3\laba3.csproj", "{0A9F29B4-5F55-4DC4-8485-BC822FEF2E43}"
EndProject
Project("{FAE04EC0-301F-11D3-BF4B-00C04F79EFBC}") = "lab3.DAL", "lab3.DAL\lab3.DAL.csproj", "{79CAE4FC-602E-4B5B-A2E6-D59AA7E3D00F}"
EndProject
Project("{FAE04EC0-301F-11D3-BF4B-00C04F79EFBC}") = "lab3.BLL", "lab3.BLL\lab3.BLL.csproj", "{5B0BDB3F-7412-4CA0-A4C1-880D16AF4AEC}"
EndProject
Project("{FAE04EC0-301F-11D3-BF4B-00C04F79EFBC}") = "lab3.PL", "lab3.PL\lab3.PL.csproj", "{5DBE8FD3-584D-4BE5-992E-B869E36108F6}"
EndProject
Global
	GlobalSection(SolutionConfigurationPlatforms) = preSolution
		Debug|Any CPU = Debug|Any CPU
		Release|Any CPU = Release|Any CPU
	EndGlobalSection
	GlobalSection(ProjectConfigurationPlatforms) = postSolution
		{0A9F29B4-5F55-4DC4-8485-BC822FEF2E43}.Debug|Any CPU.ActiveCfg = Debug|Any CPU
		{0A9F29B4-5F55-4DC4-8485-BC822FEF2E43}.Debug|Any CPU.Build.0 = Debug|Any CPU
		{0A9F29B4-5F55-4DC4-8485-BC822FEF2E43}.Release|Any CPU.ActiveCfg = Release|Any CPU
		{0A9F29B4-5F55-4DC4-8485-BC822FEF2E43}.Release|Any CPU.Build.0 = Release|Any CPU
		{79CAE4FC-602E-4B5B-A2E6-D59AA7E3D00F}.Debug|Any CPU.ActiveCfg = Debug|Any CPU
		{79CAE4FC-602E-4B5B-A2E6-D59AA7E3D00F}.Debug|Any CPU.Build.0 = Debug|Any CPU
		{79CAE4FC-602E-4B5B-A2E6-D59AA7E3D00F}.Release|Any CPU.ActiveCfg = Release|Any CPU
		{79CAE4FC-602E-4B5B-A2E6-D59AA7E3D00F}.Release|Any CPU.Build.0 = Release|Any CPU
		{5B0BDB3F-7412-4CA0-A4C1-880D16AF4AEC}.Debug|Any CPU.ActiveCfg = Debug|Any CPU
		{5B0BDB3F-7412-4CA0-A4C1-880D16AF4AEC}.Debug|Any CPU.Build.0 = Debug|Any CPU
		{5B0BDB3F-7412-4CA0-A4C1-880D16AF4AEC}.Release|Any CPU.ActiveCfg = Release|Any CPU
		{5B0BDB3F-7412-4CA0-A4C1-880D16AF4AEC}.Release|Any CPU.Build.0 = Release|Any CPU
		{5DBE8FD3-584D-4BE5-992E-B869E36108F6}.Debug|Any CPU.ActiveCfg = Debug|Any CPU
		{5DBE8FD3-584D-4BE5-992E-B869E36108F6}.Debug|Any CPU.Build.0 = Debug|Any CPU
		{5DBE8FD3-584D-4BE5-992E-B869E36108F6}.Release|Any CPU.ActiveCfg = Release|Any CPU
		{5DBE8FD3-584D-4BE5-992E-B869E36108F6}.Release|Any CPU.Build.0 = Release|Any CPU
	EndGlobalSection
	GlobalSection(SolutionProperties) = preSolution
		HideSolutionNode = FALSE
	EndGlobalSection
	GlobalSection(ExtensibilityGlobals) = postSolution
		SolutionGuid = {F591635A-98CC-4084-B1E2-0B6E411548EE}
	EndGlobalSection
EndGlobal
